
Microsoft Visual Studio Solution File, Format Version 12.00
# Visual Studio Version 17
VisualStudioVersion = 17.5.33516.290
MinimumVisualStudioVersion = 10.0.40219.1
Project("{8BC9CEB8-8B4A-11D0-8D11-00A0C91BC942}") = "lab1", "lab1\lab1.vcxproj", "{4DDF117F-9EAF-4A2E-8151-A0D62783E613}"
EndProject
Project("{8BC9CEB8-8B4A-11D0-8D11-00A0C91BC942}") = "lab2", "lab2\lab2.vcxproj", "{24D1C11F-14A6-4259-93B7-1CAC8A0A7BF1}"
EndProject
Project("{8BC9CEB8-8B4A-11D0-8D11-00A0C91BC942}") = "lab3", "lab3\lab3.vcxproj", "{F0EC1A4D-EC96-4800-9D6C-03B62ED41D0C}"
EndProject
Global
	GlobalSection(SolutionConfigurationPlatforms) = preSolution
		Debug|x64 = Debug|x64
		Debug|x86 = Debug|x86
		Release|x64 = Release|x64
		Release|x86 = Release|x86
	EndGlobalSection
	GlobalSection(ProjectConfigurationPlatforms) = postSolution
		{4DDF117F-9EAF-4A2E-8151-A0D62783E613}.Debug|x64.ActiveCfg = Debug|x64
		{4DDF117F-9EAF-4A2E-8151-A0D62783E613}.Debug|x64.Build.0 = Debug|x64
		{4DDF117F-9EAF-4A2E-8151-A0D62783E613}.Debug|x86.ActiveCfg = Debug|Win32
		{4DDF117F-9EAF-4A2E-8151-A0D62783E613}.Debug|x86.Build.0 = Debug|Win32
		{4DDF117F-9EAF-4A2E-8151-A0D62783E613}.Release|x64.ActiveCfg = Release|x64
		{4DDF117F-9EAF-4A2E-8151-A0D62783E613}.Release|x64.Build.0 = Release|x64
		{4DDF117F-9EAF-4A2E-8151-A0D62783E613}.Release|x86.ActiveCfg = Release|Win32
		{4DDF117F-9EAF-4A2E-8151-A0D62783E613}.Release|x86.Build.0 = Release|Win32
		{24D1C11F-14A6-4259-93B7-1CAC8A0A7BF1}.Debug|x64.ActiveCfg = Debug|x64
		{24D1C11F-14A6-4259-93B7-1CAC8A0A7BF1}.Debug|x64.Build.0 = Debug|x64
		{24D1C11F-14A6-4259-93B7-1CAC8A0A7BF1}.Debug|x86.ActiveCfg = Debug|Win32
		{24D1C11F-14A6-4259-93B7-1CAC8A0A7BF1}.Debug|x86.Build.0 = Debug|Win32
		{24D1C11F-14A6-4259-93B7-1CAC8A0A7BF1}.Release|x64.ActiveCfg = Release|x64
		{24D1C11F-14A6-4259-93B7-1CAC8A0A7BF1}.Release|x64.Build.0 = Release|x64
		{24D1C11F-14A6-4259-93B7-1CAC8A0A7BF1}.Release|x86.ActiveCfg = Release|Win32
		{24D1C11F-14A6-4259-93B7-1CAC8A0A7BF1}.Release|x86.Build.0 = Release|Win32
		{F0EC1A4D-EC96-4800-9D6C-03B62ED41D0C}.Debug|x64.ActiveCfg = Debug|x64
		{F0EC1A4D-EC96-4800-9D6C-03B62ED41D0C}.Debug|x64.Build.0 = Debug|x64
		{F0EC1A4D-EC96-4800-9D6C-03B62ED41D0C}.Debug|x86.ActiveCfg = Debug|Win32
		{F0EC1A4D-EC96-4800-9D6C-03B62ED41D0C}.Debug|x86.Build.0 = Debug|Win32
		{F0EC1A4D-EC96-4800-9D6C-03B62ED41D0C}.Release|x64.ActiveCfg = Release|x64
		{F0EC1A4D-EC96-4800-9D6C-03B62ED41D0C}.Release|x64.Build.0 = Release|x64
		{F0EC1A4D-EC96-4800-9D6C-03B62ED41D0C}.Release|x86.ActiveCfg = Release|Win32
		{F0EC1A4D-EC96-4800-9D6C-03B62ED41D0C}.Release|x86.Build.0 = Release|Win32
	EndGlobalSection
	GlobalSection(SolutionProperties) = preSolution
		HideSolutionNode = FALSE
	EndGlobalSection
	GlobalSection(ExtensibilityGlobals) = postSolution
		SolutionGuid = {BBC34DFE-FCCA-4133-B749-9EE65F203D5F}
	EndGlobalSection
EndGlobal
